# THIS IS AN AUTOGENERATED FILE. DO NOT EDIT THIS FILE DIRECTLY.
# yarn lockfile v1


"@graphql-typed-document-node/core@^3.2.0":
  version "3.2.0"
  resolved "https://registry.yarnpkg.com/@graphql-typed-document-node/core/-/core-3.2.0.tgz#5f3d96ec6b2354ad6d8a28bf216a1d97b5426861"
  integrity sha512-mB9oAsNCm9aM3/SOv4YtBMqZbYj10R7dkq8byBqxGY/ncFwhf2oQzMV+LCRlWoDSEBJ3COiR1yeDvMtsoOsuFQ==

"@napi-rs/canvas-android-arm64@0.1.44":
  version "0.1.44"
  resolved "https://registry.yarnpkg.com/@napi-rs/canvas-android-arm64/-/canvas-android-arm64-0.1.44.tgz#683638e05c978abb7cfad1d7e2d66dfc1da84582"
  integrity sha512-3UDlVf1CnibdUcM0+0xPH4L4/d/tCI895or0y7mr/Xlaa1tDmvcQCvBYl9G54IpXsm+e4T1XkVrGGJD4k1NfSg==

"@napi-rs/canvas-darwin-arm64@0.1.44":
  version "0.1.44"
  resolved "https://registry.yarnpkg.com/@napi-rs/canvas-darwin-arm64/-/canvas-darwin-arm64-0.1.44.tgz#a16c8a9070d96c71bf84dc6bc35bc294da61b8cf"
  integrity sha512-Y1Yx0H45Iicx2b6pcrlICjlwgylLtqi0t5OJgeUXnxLcJ1+aEpmjLr16tddqHkmGUw/nBRAwfPJrf3GaOwWowQ==

"@napi-rs/canvas-darwin-x64@0.1.44":
  version "0.1.44"
  resolved "https://registry.yarnpkg.com/@napi-rs/canvas-darwin-x64/-/canvas-darwin-x64-0.1.44.tgz#1f15c4b4406a36f9eb8d6c6c516275e495334be0"
  integrity sha512-gbzeNz13DFH0Ak5ENyQ5ZEuSuCjNDxA/OV9P5f19lywbOVL5Ol+qgKX0BXBcP3O3IXWahruOvmmLUBn9h1MHpA==

"@napi-rs/canvas-linux-arm-gnueabihf@0.1.44":
  version "0.1.44"
  resolved "https://registry.yarnpkg.com/@napi-rs/canvas-linux-arm-gnueabihf/-/canvas-linux-arm-gnueabihf-0.1.44.tgz#7b000a0ca861a79721146d75d0f1c58e94e33f2f"
  integrity sha512-Sad3/eGyzTZiyJFeFrmX1M3aRp0n3qTAXeCm6EeAjCFGk8TWd4cINCGT3IRY4wmCvNnpe6C4fM03K07cU5YYwA==

"@napi-rs/canvas-linux-arm64-gnu@0.1.44":
  version "0.1.44"
  resolved "https://registry.yarnpkg.com/@napi-rs/canvas-linux-arm64-gnu/-/canvas-linux-arm64-gnu-0.1.44.tgz#7d3dcc836f6e7b5b68bb2a31abe077c871ed2c6a"
  integrity sha512-bCrI9naYGPRFHePMGN+wlrWzC+Swi6uc1YzFg4/wOYzHKSte8FXHrGspHOPPr12BCEmgg3yXK8nnLjxGdlAWtg==

"@napi-rs/canvas-linux-arm64-musl@0.1.44":
  version "0.1.44"
  resolved "https://registry.yarnpkg.com/@napi-rs/canvas-linux-arm64-musl/-/canvas-linux-arm64-musl-0.1.44.tgz#b8ff932b9840ef681ac8c595d1675abe6e5764c8"
  integrity sha512-gB/ao9zBQaOJik4arOKJisZaG+v7DuyBW7UdG+0L80msAuJTTH2UgWOnmXfZwPxzxNbFKzOa8r48uVzfTaAHGQ==

"@napi-rs/canvas-linux-x64-gnu@0.1.44":
  version "0.1.44"
  resolved "https://registry.yarnpkg.com/@napi-rs/canvas-linux-x64-gnu/-/canvas-linux-x64-gnu-0.1.44.tgz#50d584f3b1ffb395b0538e5293d6f2dfd14eb10b"
  integrity sha512-pvHy1bJ0DDD4Bsx6yuFnqpIyBW7+2iIK5BpvmL36zXE+7w2MEeaYzLUWTBhrXj8rzHys6MwLmHNlkw65R80YbQ==

"@napi-rs/canvas-linux-x64-musl@0.1.44":
  version "0.1.44"
  resolved "https://registry.yarnpkg.com/@napi-rs/canvas-linux-x64-musl/-/canvas-linux-x64-musl-0.1.44.tgz#b7f5c7af8a5ee74ea16859b1528b958d42da2a16"
  integrity sha512-5QaeYqNZ/u1QI2E/UqvnmuORT6cI1qTtLosPp/y4awaK+/LXQEzotHNv0nan0z4EV/0mXsJswY9JpISRJzx+Kw==

"@napi-rs/canvas-win32-x64-msvc@0.1.44":
  version "0.1.44"
  resolved "https://registry.yarnpkg.com/@napi-rs/canvas-win32-x64-msvc/-/canvas-win32-x64-msvc-0.1.44.tgz#4d12e0595a648888733ade5484a953b90fdc28ad"
  integrity sha512-pbeTGLox+I+sMVl/FFO21Xvp0PhijsuEr9gaynmN2X7FPTg+CCuuBDhfSU5iMAtcCCYFCk8ridZIWy5jkcf72w==

"@napi-rs/canvas@^0.1.44":
  version "0.1.44"
  resolved "https://registry.yarnpkg.com/@napi-rs/canvas/-/canvas-0.1.44.tgz#fd49e959085ec0947ec3ce854c79a40794a76a61"
  integrity sha512-IyhSndjw29LR1WqkUZvTJI4j8Ve1QGbZYtpdQjJjcFvsvJS4/WHzOWV8ZciLPJBhrYvSQf/JbZJy5LHmFV+plg==
  optionalDependencies:
    "@napi-rs/canvas-android-arm64" "0.1.44"
    "@napi-rs/canvas-darwin-arm64" "0.1.44"
    "@napi-rs/canvas-darwin-x64" "0.1.44"
    "@napi-rs/canvas-linux-arm-gnueabihf" "0.1.44"
    "@napi-rs/canvas-linux-arm64-gnu" "0.1.44"
    "@napi-rs/canvas-linux-arm64-musl" "0.1.44"
    "@napi-rs/canvas-linux-x64-gnu" "0.1.44"
    "@napi-rs/canvas-linux-x64-musl" "0.1.44"
    "@napi-rs/canvas-win32-x64-msvc" "0.1.44"

asynckit@^0.4.0:
  version "0.4.0"
  resolved "https://registry.yarnpkg.com/asynckit/-/asynckit-0.4.0.tgz#c79ed97f7f34cb8f2ba1bc9790bcc366474b4b79"
  integrity sha512-Oei9OH4tRh0YqU3GxhX79dM/mwVgvbZJaSNaRk+bshkj0S5cfHcgYakreBjrHwatXKbz+IoIdYLxrKim2MjW0Q==

axios@^1.5.1:
  version "1.5.1"
  resolved "https://registry.yarnpkg.com/axios/-/axios-1.5.1.tgz#11fbaa11fc35f431193a9564109c88c1f27b585f"
  integrity sha512-Q28iYCWzNHjAm+yEAot5QaAMxhMghWLFVf7rRdwhUI+c2jix2DUXjAHXVi+s1ibs3mjPO/cCgbA++3BjD0vP/A==
  dependencies:
    follow-redirects "^1.15.0"
    form-data "^4.0.0"
    proxy-from-env "^1.1.0"

combined-stream@^1.0.8:
  version "1.0.8"
  resolved "https://registry.yarnpkg.com/combined-stream/-/combined-stream-1.0.8.tgz#c3d45a8b34fd730631a110a8a2520682b31d5a7f"
  integrity sha512-FQN4MRfuJeHf7cBbBMJFXhKSDq+2kAArBlmRBvcvFE5BB1HZKXtSFASDhdlz9zOYwxh8lDdnvmMOe/+5cdoEdg==
  dependencies:
    delayed-stream "~1.0.0"

cross-fetch@^3.1.5:
  version "3.1.8"
  resolved "https://registry.yarnpkg.com/cross-fetch/-/cross-fetch-3.1.8.tgz#0327eba65fd68a7d119f8fb2bf9334a1a7956f82"
  integrity sha512-cvA+JwZoU0Xq+h6WkMvAUqPEYy92Obet6UdKLfW60qn99ftItKjB5T+BkyWOFWe2pUyfQ+IJHmpOTznqk1M6Kg==
  dependencies:
    node-fetch "^2.6.12"

delayed-stream@~1.0.0:
  version "1.0.0"
  resolved "https://registry.yarnpkg.com/delayed-stream/-/delayed-stream-1.0.0.tgz#df3ae199acadfb7d440aaae0b29e2272b24ec619"
  integrity sha512-ZySD7Nf91aLB0RxL4KGrKHBXl7Eds1DAmEdcoVawXnLD7SDhpNgtuII2aAkg7a7QS41jxPSZ17p4VdGnMHk3MQ==

follow-redirects@^1.15.0:
  version "1.15.3"
  resolved "https://registry.yarnpkg.com/follow-redirects/-/follow-redirects-1.15.3.tgz#fe2f3ef2690afce7e82ed0b44db08165b207123a"
  integrity sha512-1VzOtuEM8pC9SFU1E+8KfTjZyMztRsgEfwQl44z8A25uy13jSzTj6dyK2Df52iV0vgHCfBwLhDWevLn95w5v6Q==

form-data@^4.0.0:
  version "4.0.0"
  resolved "https://registry.yarnpkg.com/form-data/-/form-data-4.0.0.tgz#93919daeaf361ee529584b9b31664dc12c9fa452"
  integrity sha512-ETEklSGi5t0QMZuiXoA/Q6vcnxcLQP5vdugSpuAyi6SVGi2clPPp+xgEhuMaHC+zGgn31Kd235W35f7Hykkaww==
  dependencies:
    asynckit "^0.4.0"
    combined-stream "^1.0.8"
    mime-types "^2.1.12"

graphql-request@^6.1.0:
  version "6.1.0"
  resolved "https://registry.yarnpkg.com/graphql-request/-/graphql-request-6.1.0.tgz#f4eb2107967af3c7a5907eb3131c671eac89be4f"
  integrity sha512-p+XPfS4q7aIpKVcgmnZKhMNqhltk20hfXtkaIkTfjjmiKMJ5xrt5c743cL03y/K7y1rg3WrIC49xGiEQ4mxdNw==
  dependencies:
    "@graphql-typed-document-node/core" "^3.2.0"
    cross-fetch "^3.1.5"

mime-db@1.52.0:
  version "1.52.0"
  resolved "https://registry.yarnpkg.com/mime-db/-/mime-db-1.52.0.tgz#bbabcdc02859f4987301c856e3387ce5ec43bf70"
  integrity sha512-sPU4uV7dYlvtWJxwwxHD0PuihVNiE7TyAbQ5SWxDCB9mUYvOgroQOwYQQOKPJ8CIbE+1ETVlOoK1UC2nU3gYvg==

mime-types@^2.1.12:
  version "2.1.35"
  resolved "https://registry.yarnpkg.com/mime-types/-/mime-types-2.1.35.tgz#381a871b62a734450660ae3deee44813f70d959a"
  integrity sha512-ZDY+bPm5zTTF+YpCrAU9nK0UgICYPT0QtT1NZWFv4s++TNkcgVaT0g6+4R2uI4MjQjzysHB1zxuWL50hzaeXiw==
  dependencies:
    mime-db "1.52.0"

node-fetch@^2.6.12:
  version "2.7.0"
  resolved "https://registry.yarnpkg.com/node-fetch/-/node-fetch-2.7.0.tgz#d0f0fa6e3e2dc1d27efcd8ad99d550bda94d187d"
  integrity sha512-c4FRfUm/dbcWZ7U+1Wq0AwCyFL+3nt2bEw05wfxSz+DWpWsitgmSgYmy2dQdWyKC1694ELPqMs/YzUSNozLt8A==
  dependencies:
    whatwg-url "^5.0.0"

proxy-from-env@^1.1.0:
  version "1.1.0"
  resolved "https://registry.yarnpkg.com/proxy-from-env/-/proxy-from-env-1.1.0.tgz#e102f16ca355424865755d2c9e8ea4f24d58c3e2"
  integrity sha512-D+zkORCbA9f1tdWRK0RaCR3GPv50cMxcrz4X8k5LTSUD1Dkw47mKJEZQNunItRTkWwgtaUSo1RVFRIG9ZXiFYg==

tr46@~0.0.3:
  version "0.0.3"
  resolved "https://registry.yarnpkg.com/tr46/-/tr46-0.0.3.tgz#8184fd347dac9cdc185992f3a6622e14b9d9ab6a"
  integrity sha1-gYT9NH2snNwYWZLzpmIuFLnZq2o=

webidl-conversions@^3.0.0:
  version "3.0.1"
  resolved "https://registry.yarnpkg.com/webidl-conversions/-/webidl-conversions-3.0.1.tgz#24534275e2a7bc6be7bc86611cc16ae0a5654871"
  integrity sha1-JFNCdeKnvGvnvIZhHMFq4KVlSHE=

whatwg-url@^5.0.0:
  version "5.0.0"
  resolved "https://registry.yarnpkg.com/whatwg-url/-/whatwg-url-5.0.0.tgz#966454e8765462e37644d3626f6742ce8b70965d"
  integrity sha1-lmRU6HZUYuN2RNNib2dCzotwll0=
  dependencies:
    tr46 "~0.0.3"
    webidl-conversions "^3.0.0"
